
Microsoft Visual Studio Solution File, Format Version 12.00
# Visual Studio 15
VisualStudioVersion = 15.0.26510.0
MinimumVisualStudioVersion = 10.0.40219.1
Project("{FAE04EC0-301F-11D3-BF4B-00C04F79EFBC}") = "Office365GraphMVCHelper", "Office365GraphMVCHelper.csproj", "{D4178BB4-6E83-4A5A-80B4-80F794AB8142}"
EndProject
Global
	GlobalSection(SolutionConfigurationPlatforms) = preSolution
		Debug|Any CPU = Debug|Any CPU
		Release|Any CPU = Release|Any CPU
	EndGlobalSection
	GlobalSection(ProjectConfigurationPlatforms) = postSolution
		{D4178BB4-6E83-4A5A-80B4-80F794AB8142}.Debug|Any CPU.ActiveCfg = Debug|Any CPU
		{D4178BB4-6E83-4A5A-80B4-80F794AB8142}.Debug|Any CPU.Build.0 = Debug|Any CPU
		{D4178BB4-6E83-4A5A-80B4-80F794AB8142}.Release|Any CPU.ActiveCfg = Release|Any CPU
		{D4178BB4-6E83-4A5A-80B4-80F794AB8142}.Release|Any CPU.Build.0 = Release|Any CPU
	EndGlobalSection
	GlobalSection(SolutionProperties) = preSolution
		HideSolutionNode = FALSE
	EndGlobalSection
EndGlobal
