
Microsoft Visual Studio Solution File, Format Version 12.00
# Visual Studio 15
VisualStudioVersion = 15.0.28307.329
MinimumVisualStudioVersion = 10.0.40219.1
Project("{FAE04EC0-301F-11D3-BF4B-00C04F79EFBC}") = "ExcelWebAddInQuickstart", "ExcelWebAddInQuickstart\ExcelWebAddInQuickstart.csproj", "{0BFD3554-401D-44CA-AE95-FA67A5605937}"
EndProject
Project("{FAE04EC0-301F-11D3-BF4B-00C04F79EFBC}") = "ExcelWebAddInQuickstartWeb", "ExcelWebAddInQuickstartWeb\ExcelWebAddInQuickstartWeb.csproj", "{BC3A9EEF-FDC5-4905-888B-33836D488C8D}"
EndProject
Global
	GlobalSection(SolutionConfigurationPlatforms) = preSolution
		Debug|Any CPU = Debug|Any CPU
		Release|Any CPU = Release|Any CPU
	EndGlobalSection
	GlobalSection(ProjectConfigurationPlatforms) = postSolution
		{0BFD3554-401D-44CA-AE95-FA67A5605937}.Debug|Any CPU.ActiveCfg = Debug|Any CPU
		{0BFD3554-401D-44CA-AE95-FA67A5605937}.Debug|Any CPU.Build.0 = Debug|Any CPU
		{0BFD3554-401D-44CA-AE95-FA67A5605937}.Debug|Any CPU.Deploy.0 = Debug|Any CPU
		{0BFD3554-401D-44CA-AE95-FA67A5605937}.Release|Any CPU.ActiveCfg = Release|Any CPU
		{0BFD3554-401D-44CA-AE95-FA67A5605937}.Release|Any CPU.Build.0 = Release|Any CPU
		{0BFD3554-401D-44CA-AE95-FA67A5605937}.Release|Any CPU.Deploy.0 = Release|Any CPU
		{BC3A9EEF-FDC5-4905-888B-33836D488C8D}.Debug|Any CPU.ActiveCfg = Debug|Any CPU
		{BC3A9EEF-FDC5-4905-888B-33836D488C8D}.Debug|Any CPU.Build.0 = Debug|Any CPU
		{BC3A9EEF-FDC5-4905-888B-33836D488C8D}.Release|Any CPU.ActiveCfg = Release|Any CPU
		{BC3A9EEF-FDC5-4905-888B-33836D488C8D}.Release|Any CPU.Build.0 = Release|Any CPU
	EndGlobalSection
	GlobalSection(SolutionProperties) = preSolution
		HideSolutionNode = FALSE
	EndGlobalSection
	GlobalSection(ExtensibilityGlobals) = postSolution
		SolutionGuid = {8E39E9FE-7BD0-4FC2-A8BC-024AAA7ECEBE}
	EndGlobalSection
EndGlobal
