
Microsoft Visual Studio Solution File, Format Version 12.00
# Visual Studio 15
VisualStudioVersion = 15.0.26403.7
MinimumVisualStudioVersion = 10.0.40219.1
Project("{FAE04EC0-301F-11D3-BF4B-00C04F79EFBC}") = "graph-webapplicationsample", "graph-webapplicationsample\graph-webapplicationsample.csproj", "{7CF297F0-1683-4952-A16C-36F1EE48A0BC}"
EndProject
Global
	GlobalSection(SolutionConfigurationPlatforms) = preSolution
		Debug|Any CPU = Debug|Any CPU
		Release|Any CPU = Release|Any CPU
	EndGlobalSection
	GlobalSection(ProjectConfigurationPlatforms) = postSolution
		{7CF297F0-1683-4952-A16C-36F1EE48A0BC}.Debug|Any CPU.ActiveCfg = Debug|Any CPU
		{7CF297F0-1683-4952-A16C-36F1EE48A0BC}.Debug|Any CPU.Build.0 = Debug|Any CPU
		{7CF297F0-1683-4952-A16C-36F1EE48A0BC}.Release|Any CPU.ActiveCfg = Release|Any CPU
		{7CF297F0-1683-4952-A16C-36F1EE48A0BC}.Release|Any CPU.Build.0 = Release|Any CPU
	EndGlobalSection
	GlobalSection(SolutionProperties) = preSolution
		HideSolutionNode = FALSE
	EndGlobalSection
EndGlobal
